
Microsoft Visual Studio Solution File, Format Version 12.00
# Visual Studio Version 17
VisualStudioVersion = 17.14.36811.4 d17.14
MinimumVisualStudioVersion = 10.0.40219.1
Project("{FAE04EC0-301F-11D3-BF4B-00C04F79EFBC}") = "CompComponentsDB", "CompComponentsDB\CompComponentsDB.csproj", "{572E40D2-0165-47E2-A543-BD69A556E079}"
EndProject
Global
	GlobalSection(SolutionConfigurationPlatforms) = preSolution
		Debug|Any CPU = Debug|Any CPU
		Release|Any CPU = Release|Any CPU
	EndGlobalSection
	GlobalSection(ProjectConfigurationPlatforms) = postSolution
		{572E40D2-0165-47E2-A543-BD69A556E079}.Debug|Any CPU.ActiveCfg = Debug|Any CPU
		{572E40D2-0165-47E2-A543-BD69A556E079}.Debug|Any CPU.Build.0 = Debug|Any CPU
		{572E40D2-0165-47E2-A543-BD69A556E079}.Release|Any CPU.ActiveCfg = Release|Any CPU
		{572E40D2-0165-47E2-A543-BD69A556E079}.Release|Any CPU.Build.0 = Release|Any CPU
	EndGlobalSection
	GlobalSection(SolutionProperties) = preSolution
		HideSolutionNode = FALSE
	EndGlobalSection
	GlobalSection(ExtensibilityGlobals) = postSolution
		SolutionGuid = {387A0F10-725E-4EC8-8513-6F795F6BF147}
	EndGlobalSection
EndGlobal
